// !$*UTF8*$!
{
	archiveVersion = 1;
	classes = {
	};
	objectVersion = 46;
	objects = {

/* Begin PBXBuildFile section */
		625F0D0A1C6C3D8200CAE18F /* AppDelegate.swift in Sources */ = {isa = PBXBuildFile; fileRef = 625F0D091C6C3D8200CAE18F /* AppDelegate.swift */; };
		625F0D0C1C6C3D8200CAE18F /* ViewController.swift in Sources */ = {isa = PBXBuildFile; fileRef = 625F0D0B1C6C3D8200CAE18F /* ViewController.swift */; };
		625F0D0F1C6C3D8200CAE18F /* Main.storyboard in Resources */ = {isa = PBXBuildFile; fileRef = 625F0D0D1C6C3D8200CAE18F /* Main.storyboard */; };
		625F0D111C6C3D8200CAE18F /* Assets.xcassets in Resources */ = {isa = PBXBuildFile; fileRef = 625F0D101C6C3D8200CAE18F /* Assets.xcassets */; };
		625F0D141C6C3D8200CAE18F /* LaunchScreen.storyboard in Resources */ = {isa = PBXBuildFile; fileRef = 625F0D121C6C3D8200CAE18F /* LaunchScreen.storyboard */; };
/* End PBXBuildFile section */

/* Begin PBXFileReference section */
		625F0D061C6C3D8200CAE18F /* ErrorType.app */ = {isa = PBXFileReference; explicitFileType = wrapper.application; includeInIndex = 0; path = ErrorType.app; sourceTree = BUILT_PRODUCTS_DIR; };
		625F0D091C6C3D8200CAE18F /* AppDelegate.swift */ = {isa = PBXFileReference; lastKnownFileType = sourcecode.swift; path = AppDelegate.swift; sourceTree = "<group>"; };
		625F0D0B1C6C3D8200CAE18F /* ViewController.swift */ = {isa = PBXFileReference; lastKnownFileType = sourcecode.swift; path = ViewController.swift; sourceTree = "<group>"; };
		625F0D0E1C6C3D8200CAE18F /* Base */ = {isa = PBXFileReference; lastKnownFileType = file.storyboard; name = Base; path = Base.lproj/Main.storyboard; sourceTree = "<group>"; };
		625F0D101C6C3D8200CAE18F /* Assets.xcassets */ = {isa = PBXFileReference; lastKnownFileType = folder.assetcatalog; path = Assets.xcassets; sourceTree = "<group>"; };
		625F0D131C6C3D8200CAE18F /* Base */ = {isa = PBXFileReference; lastKnownFileType = file.storyboard; name = Base; path = Base.lproj/LaunchScreen.storyboard; sourceTree = "<group>"; };
		625F0D151C6C3D8200CAE18F /* Info.plist */ = {isa = PBXFileReference; lastKnownFileType = text.plist.xml; path = Info.plist; sourceTree = "<group>"; };
/* End PBXFileReference section */

/* Begin PBXFrameworksBuildPhase section */
		625F0D031C6C3D8200CAE18F /* Frameworks */ = {
			isa = PBXFrameworksBuildPhase;
			buildActionMask = 2147483647;
			files = (
			);
			runOnlyForDeploymentPostprocessing = 0;
		};
/* End PBXFrameworksBuildPhase section */

/* Begin PBXGroup section */
		625F0CFD1C6C3D8200CAE18F = {
			isa = PBXGroup;
			children = (
				625F0D081C6C3D8200CAE18F /* ErrorType */,
				625F0D071C6C3D8200CAE18F /* Products */,
			);
			sourceTree = "<group>";
		};
		625F0D071C6C3D8200CAE18F /* Products */ = {
			isa = PBXGroup;
			children = (
				625F0D061C6C3D8200CAE18F /* ErrorType.app */,
			);
			name = Products;
			sourceTree = "<group>";
		};
		625F0D081C6C3D8200CAE18F /* ErrorType */ = {
			isa = PBXGroup;
			children = (
				625F0D091C6C3D8200CAE18F /* AppDelegate.swift */,
				625F0D0B1C6C3D8200CAE18F /* ViewController.swift */,
				625F0D0D1C6C3D8200CAE18F /* Main.storyboard */,
				625F0D101C6C3D8200CAE18F /* Assets.xcassets */,
				625F0D121C6C3D8200CAE18F /* LaunchScreen.storyboard */,
				625F0D151C6C3D8200CAE18F /* Info.plist */,
			);
			path = ErrorType;
			sourceTree = "<group>";
		};
/* End PBXGroup section */

/* Begin PBXNativeTarget section */
		625F0D051C6C3D8200CAE18F /* ErrorType */ = {
			isa = PBXNativeTarget;
			buildConfigurationList = 625F0D181C6C3D8200CAE18F /* Build configuration list for PBXNativeTarget "ErrorType" */;
			buildPhases = (
				625F0D021C6C3D8200CAE18F /* Sources */,
				625F0D031C6C3D8200CAE18F /* Frameworks */,
				625F0D041C6C3D8200CAE18F /* Resources */,
			);
			buildRules = (
			);
			dependencies = (
			);
			name = ErrorType;
			productName = ErrorType;
			productReference = 625F0D061C6C3D8200CAE18F /* ErrorType.app */;
			productType = "com.apple.product-type.application";
		};
/* End PBXNativeTarget section */

/* Begin PBXProject section */
		625F0CFE1C6C3D8200CAE18F /* Project object */ = {
			isa = PBXProject;
			attributes = {
				LastSwiftUpdateCheck = 0720;
				LastUpgradeCheck = 0720;
				ORGANIZATIONNAME = "Henrique Valcanaia";
				TargetAttributes = {
					625F0D051C6C3D8200CAE18F = {
						CreatedOnToolsVersion = 7.2.1;
					};
				};
			};
			buildConfigurationList = 625F0D011C6C3D8200CAE18F /* Build configuration list for PBXProject "ErrorType" */;
			compatibilityVersion = "Xcode 3.2";
			developmentRegion = English;
			hasScannedForEncodings = 0;
			knownRegions = (
				en,
				Base,
			);
			mainGroup = 625F0CFD1C6C3D8200CAE18F;
			productRefGroup = 625F0D071C6C3D8200CAE18F /* Products */;
			projectDirPath = "";
			projectRoot = "";
			targets = (
				625F0D051C6C3D8200CAE18F /* ErrorType */,
			);
		};
/* End PBXProject section */

/* Begin PBXResourcesBuildPhase section */
		625F0D041C6C3D8200CAE18F /* Resources */ = {
			isa = PBXResourcesBuildPhase;
			buildActionMask = 2147483647;
			files = (
				625F0D141C6C3D8200CAE18F /* LaunchScreen.storyboard in Resources */,
				625F0D111C6C3D8200CAE18F /* Assets.xcassets in Resources */,
				625F0D0F1C6C3D8200CAE18F /* Main.storyboard in Resources */,
			);
			runOnlyForDeploymentPostprocessing = 0;
		};
/* End PBXResourcesBuildPhase section */

/* Begin PBXSourcesBuildPhase section */
		625F0D021C6C3D8200CAE18F /* Sources */ = {
			isa = PBXSourcesBuildPhase;
			buildActionMask = 2147483647;
			files = (
				625F0D0C1C6C3D8200CAE18F /* ViewController.swift in Sources */,
				625F0D0A1C6C3D8200CAE18F /* AppDelegate.swift in Sources */,
			);
			runOnlyForDeploymentPostprocessing = 0;
		};
/* End PBXSourcesBuildPhase section */

/* Begin PBXVariantGroup section */
		625F0D0D1C6C3D8200CAE18F /* Main.storyboard */ = {
			isa = PBXVariantGroup;
			children = (
				625F0D0E1C6C3D8200CAE18F /* Base */,
			);
			name = Main.storyboard;
			sourceTree = "<group>";
		};
		625F0D121C6C3D8200CAE18F /* LaunchScreen.storyboard */ = {
			isa = PBXVariantGroup;
			children = (
				625F0D131C6C3D8200CAE18F /* Base */,
			);
			name = LaunchScreen.storyboard;
			sourceTree = "<group>";
		};
/* End PBXVariantGroup section */

/* Begin XCBuildConfiguration section */
		625F0D161C6C3D8200CAE18F /* Debug */ = {
			isa = XCBuildConfiguration;
			buildSettings = {
				ALWAYS_SEARCH_USER_PATHS = NO;
				CLANG_CXX_LANGUAGE_STANDARD = "gnu++0x";
				CLANG_CXX_LIBRARY = "libc++";
				CLANG_ENABLE_MODULES = YES;
				CLANG_ENABLE_OBJC_ARC = YES;
				CLANG_WARN_BOOL_CONVERSION = YES;
				CLANG_WARN_CONSTANT_CONVERSION = YES;
				CLANG_WARN_DIRECT_OBJC_ISA_USAGE = YES_ERROR;
				CLANG_WARN_EMPTY_BODY = YES;
				CLANG_WARN_ENUM_CONVERSION = YES;
				CLANG_WARN_INT_CONVERSION = YES;
				CLANG_WARN_OBJC_ROOT_CLASS = YES_ERROR;
				CLANG_WARN_UNREACHABLE_CODE = YES;
				CLANG_WARN__DUPLICATE_METHOD_MATCH = YES;
				"CODE_SIGN_IDENTITY[sdk=iphoneos*]" = "iPhone Developer";
				COPY_PHASE_STRIP = NO;
				DEBUG_INFORMATION_FORMAT = dwarf;
				ENABLE_STRICT_OBJC_MSGSEND = YES;
				ENABLE_TESTABILITY = YES;
				GCC_C_LANGUAGE_STANDARD = gnu99;
				GCC_DYNAMIC_NO_PIC = NO;
				GCC_NO_COMMON_BLOCKS = YES;
				GCC_OPTIMIZATION_LEVEL = 0;
				GCC_PREPROCESSOR_DEFINITIONS = (
					"DEBUG=1",
					"$(inherited)",
				);
				GCC_WARN_64_TO_32_BIT_CONVERSION = YES;
				GCC_WARN_ABOUT_RETURN_TYPE = YES_ERROR;
				GCC_WARN_UNDECLARED_SELECTOR = YES;
				GCC_WARN_UNINITIALIZED_AUTOS = YES_AGGRESSIVE;
				GCC_WARN_UNUSED_FUNCTION = YES;
				GCC_WARN_UNUSED_VARIABLE = YES;
				IPHONEOS_DEPLOYMENT_TARGET = 9.2;
				MTL_ENABLE_DEBUG_INFO = YES;
				ONLY_ACTIVE_ARCH = YES;
				SDKROOT = iphoneos;
				SWIFT_OPTIMIZATION_LEVEL = "-Onone";
				TARGETED_DEVICE_FAMILY = "1,2";
			};
			name = Debug;
		};
		625F0D171C6C3D8200CAE18F /* Release */ = {
			isa = XCBuildConfiguration;
			buildSettings = {
				ALWAYS_SEARCH_USER_PATHS = NO;
				CLANG_CXX_LANGUAGE_STANDARD = "gnu++0x";
				CLANG_CXX_LIBRARY = "libc++";
				CLANG_ENABLE_MODULES = YES;
				CLANG_ENABLE_OBJC_ARC = YES;
				CLANG_WARN_BOOL_CONVERSION = YES;
				CLANG_WARN_CONSTANT_CONVERSION = YES;
				CLANG_WARN_DIRECT_OBJC_ISA_USAGE = YES_ERROR;
				CLANG_WARN_EMPTY_BODY = YES;
				CLANG_WARN_ENUM_CONVERSION = YES;
				CLANG_WARN_INT_CONVERSION = YES;
				CLANG_WARN_OBJC_ROOT_CLASS = YES_ERROR;
				CLANG_WARN_UNREACHABLE_CODE = YES;
				CLANG_WARN__DUPLICATE_METHOD_MATCH = YES;
				"CODE_SIGN_IDENTITY[sdk=iphoneos*]" = "iPhone Developer";
				COPY_PHASE_STRIP = NO;
				DEBUG_INFORMATION_FORMAT = "dwarf-with-dsym";
				ENABLE_NS_ASSERTIONS = NO;
				ENABLE_STRICT_OBJC_MSGSEND = YES;
				GCC_C_LANGUAGE_STANDARD = gnu99;
				GCC_NO_COMMON_BLOCKS = YES;
				GCC_WARN_64_TO_32_BIT_CONVERSION = YES;
				GCC_WARN_ABOUT_RETURN_TYPE = YES_ERROR;
				GCC_WARN_UNDECLARED_SELECTOR = YES;
				GCC_WARN_UNINITIALIZED_AUTOS = YES_AGGRESSIVE;
				GCC_WARN_UNUSED_FUNCTION = YES;
				GCC_WARN_UNUSED_VARIABLE = YES;
				IPHONEOS_DEPLOYMENT_TARGET = 9.2;
				MTL_ENABLE_DEBUG_INFO = NO;
				SDKROOT = iphoneos;
				TARGETED_DEVICE_FAMILY = "1,2";
				VALIDATE_PRODUCT = YES;
			};
			name = Release;
		};
		625F0D191C6C3D8200CAE18F /* Debug */ = {
			isa = XCBuildConfiguration;
			buildSettings = {
				ASSETCATALOG_COMPILER_APPICON_NAME = AppIcon;
				INFOPLIST_FILE = ErrorType/Info.plist;
				LD_RUNPATH_SEARCH_PATHS = "$(inherited) @executable_path/Frameworks";
				PRODUCT_BUNDLE_IDENTIFIER = xyz.henriquevalcanaia.ErrorType;
				PRODUCT_NAME = "$(TARGET_NAME)";
			};
			name = Debug;
		};
		625F0D1A1C6C3D8200CAE18F /* Release */ = {
			isa = XCBuildConfiguration;
			buildSettings = {
				ASSETCATALOG_COMPILER_APPICON_NAME = AppIcon;
				INFOPLIST_FILE = ErrorType/Info.plist;
				LD_RUNPATH_SEARCH_PATHS = "$(inherited) @executable_path/Frameworks";
				PRODUCT_BUNDLE_IDENTIFIER = xyz.henriquevalcanaia.ErrorType;
				PRODUCT_NAME = "$(TARGET_NAME)";
			};
			name = Release;
		};
/* End XCBuildConfiguration section */

/* Begin XCConfigurationList section */
		625F0D011C6C3D8200CAE18F /* Build configuration list for PBXProject "ErrorType" */ = {
			isa = XCConfigurationList;
			buildConfigurations = (
				625F0D161C6C3D8200CAE18F /* Debug */,
				625F0D171C6C3D8200CAE18F /* Release */,
			);
			defaultConfigurationIsVisible = 0;
			defaultConfigurationName = Release;
		};
		625F0D181C6C3D8200CAE18F /* Build configuration list for PBXNativeTarget "ErrorType" */ = {
			isa = XCConfigurationList;
			buildConfigurations = (
				625F0D191C6C3D8200CAE18F /* Debug */,
				625F0D1A1C6C3D8200CAE18F /* Release */,
			);
			defaultConfigurationIsVisible = 0;
		};
/* End XCConfigurationList section */
	};
	rootObject = 625F0CFE1C6C3D8200CAE18F /* Project object */;
}
